<Solution>
  <Folder Name="/benchmarks/">
    <Project Path="benchmarks/SafeWebCore.Benchmarks/SafeWebCore.Benchmarks.csproj" />
  </Folder>
  <Folder Name="/examples/">
    <Project Path="examples/MinimalApi/MinimalApi.csproj" />
    <Project Path="examples/MvcApp/MvcApp.csproj" />
    <Project Path="examples/ApiService/ApiService.csproj" />
  </Folder>
  <Folder Name="/src/">
    <Project Path="src/SafeWebCore/SafeWebCore.csproj" />
  </Folder>
  <Folder Name="/tests/">
    <Project Path="tests/SafeWebCore.Tests/SafeWebCore.Tests.csproj" />
  </Folder>
</Solution>